            };

            // Functionality for Info Button
            infoButton.addEventListener('click', () => {
                showGameInfo(true); // Show game info when the info button is clicked
            });

            // Functionality for Back to Game Button on Info Page
            backToGameBtn.addEventListener('click', () => {
                showGameInfo(false); // Hide game info when back to game is clicked
            });

            // Functionality for Back to Login Button
            backToLoginBtn.addEventListener('click', () => {
                showLogin();
            });

            // Show login container by default
            showLogin();
        });



        randomWord();
        resetBtn.addEventListener("click", randomWord);
        typingInput.addEventListener("input", intGame);
        document.addEventListener("keydown", () => typinginput.focus());


    </script>
</body>

</body>
</html>
